
Microsoft Visual Studio Solution File, Format Version 12.00
# Visual Studio Version 17
VisualStudioVersion = 17.11.35208.52
MinimumVisualStudioVersion = 10.0.40219.1
Project("{2150E333-8FDC-42A3-9474-1A3956D46DE8}") = "1.Presentation", "1.Presentation", "{02EA681E-C7D8-13C7-8484-4AC65E1B71E8}"
EndProject
Project("{2150E333-8FDC-42A3-9474-1A3956D46DE8}") = "2.Application", "2.Application", "{52530AC6-3D45-4332-A54B-22A0BC913FB0}"
EndProject
Project("{2150E333-8FDC-42A3-9474-1A3956D46DE8}") = "3.Business", "3.Business", "{39094560-A427-4BDF-B64E-B3605FAD7787}"
EndProject
Project("{2150E333-8FDC-42A3-9474-1A3956D46DE8}") = "4.Data", "4.Data", "{0BD1AC3D-F05C-4CAF-ACB5-71F7D91FF501}"
EndProject
Project("{FAE04EC0-301F-11D3-BF4B-00C04F79EFBC}") = "Kruger.Marketplace.Business", "src\Kruger.Marketplace.Business\Kruger.Marketplace.Business.csproj", "{2457F4D5-57F8-4F59-9D08-BB42D71F434F}"
EndProject
Project("{FAE04EC0-301F-11D3-BF4B-00C04F79EFBC}") = "Kruger.Marketplace.Data", "src\Kruger.Marketplace.Data\Kruger.Marketplace.Data.csproj", "{4FD0A528-79B5-4B7D-8C82-0EC1A884C2E3}"
EndProject
Project("{FAE04EC0-301F-11D3-BF4B-00C04F79EFBC}") = "Kruger.Marketplace.API", "src\Kruger.Marketplace.API\Kruger.Marketplace.API.csproj", "{6845122F-559E-42BA-8C18-CD63553DD617}"
EndProject
Project("{FAE04EC0-301F-11D3-BF4B-00C04F79EFBC}") = "Kruger.Marketplace.MVC", "src\Kruger.Marketplace.MVC\Kruger.Marketplace.MVC.csproj", "{E888BB74-8735-4762-9FF5-8272A45E707E}"
EndProject
Project("{FAE04EC0-301F-11D3-BF4B-00C04F79EFBC}") = "Kruger.Marketplace.Application", "src\Kruger.Marketplace.Application\Kruger.Marketplace.Application.csproj", "{9BA79376-3249-34A2-2FD4-F64566404877}"
EndProject
Global
	GlobalSection(SolutionConfigurationPlatforms) = preSolution
		Debug|Any CPU = Debug|Any CPU
		Release|Any CPU = Release|Any CPU
	EndGlobalSection
	GlobalSection(ProjectConfigurationPlatforms) = postSolution
		{2457F4D5-57F8-4F59-9D08-BB42D71F434F}.Debug|Any CPU.ActiveCfg = Debug|Any CPU
		{2457F4D5-57F8-4F59-9D08-BB42D71F434F}.Debug|Any CPU.Build.0 = Debug|Any CPU
		{2457F4D5-57F8-4F59-9D08-BB42D71F434F}.Release|Any CPU.ActiveCfg = Release|Any CPU
		{2457F4D5-57F8-4F59-9D08-BB42D71F434F}.Release|Any CPU.Build.0 = Release|Any CPU
		{4FD0A528-79B5-4B7D-8C82-0EC1A884C2E3}.Debug|Any CPU.ActiveCfg = Debug|Any CPU
		{4FD0A528-79B5-4B7D-8C82-0EC1A884C2E3}.Debug|Any CPU.Build.0 = Debug|Any CPU
		{4FD0A528-79B5-4B7D-8C82-0EC1A884C2E3}.Release|Any CPU.ActiveCfg = Release|Any CPU
		{4FD0A528-79B5-4B7D-8C82-0EC1A884C2E3}.Release|Any CPU.Build.0 = Release|Any CPU
		{6845122F-559E-42BA-8C18-CD63553DD617}.Debug|Any CPU.ActiveCfg = Debug|Any CPU
		{6845122F-559E-42BA-8C18-CD63553DD617}.Debug|Any CPU.Build.0 = Debug|Any CPU
		{6845122F-559E-42BA-8C18-CD63553DD617}.Release|Any CPU.ActiveCfg = Release|Any CPU
		{6845122F-559E-42BA-8C18-CD63553DD617}.Release|Any CPU.Build.0 = Release|Any CPU
		{E888BB74-8735-4762-9FF5-8272A45E707E}.Debug|Any CPU.ActiveCfg = Debug|Any CPU
		{E888BB74-8735-4762-9FF5-8272A45E707E}.Debug|Any CPU.Build.0 = Debug|Any CPU
		{E888BB74-8735-4762-9FF5-8272A45E707E}.Release|Any CPU.ActiveCfg = Release|Any CPU
		{E888BB74-8735-4762-9FF5-8272A45E707E}.Release|Any CPU.Build.0 = Release|Any CPU
		{9BA79376-3249-34A2-2FD4-F64566404877}.Debug|Any CPU.ActiveCfg = Debug|Any CPU
		{9BA79376-3249-34A2-2FD4-F64566404877}.Debug|Any CPU.Build.0 = Debug|Any CPU
		{9BA79376-3249-34A2-2FD4-F64566404877}.Release|Any CPU.ActiveCfg = Release|Any CPU
		{9BA79376-3249-34A2-2FD4-F64566404877}.Release|Any CPU.Build.0 = Release|Any CPU
	EndGlobalSection
	GlobalSection(SolutionProperties) = preSolution
		HideSolutionNode = FALSE
	EndGlobalSection
	GlobalSection(NestedProjects) = preSolution
		{2457F4D5-57F8-4F59-9D08-BB42D71F434F} = {39094560-A427-4BDF-B64E-B3605FAD7787}
		{4FD0A528-79B5-4B7D-8C82-0EC1A884C2E3} = {0BD1AC3D-F05C-4CAF-ACB5-71F7D91FF501}
		{6845122F-559E-42BA-8C18-CD63553DD617} = {02EA681E-C7D8-13C7-8484-4AC65E1B71E8}
		{E888BB74-8735-4762-9FF5-8272A45E707E} = {02EA681E-C7D8-13C7-8484-4AC65E1B71E8}
		{9BA79376-3249-34A2-2FD4-F64566404877} = {52530AC6-3D45-4332-A54B-22A0BC913FB0}
	EndGlobalSection
	GlobalSection(ExtensibilityGlobals) = postSolution
		SolutionGuid = {AA27DAA6-88A7-499B-ACC0-20BB375FB90A}
	EndGlobalSection
EndGlobal
