
Microsoft Visual Studio Solution File, Format Version 12.00
# Visual Studio Version 17
VisualStudioVersion = 17.11.35208.52
MinimumVisualStudioVersion = 10.0.40219.1
Project("{2150E333-8FDC-42A3-9474-1A3956D46DE8}") = "1.Presentation", "1.Presentation", "{02EA681E-C7D8-13C7-8484-4AC65E1B71E8}"
EndProject
Project("{FAE04EC0-301F-11D3-BF4B-00C04F79EFBC}") = "Kruger.Marketplace.API", "src\Kruger.Marketplace.API\Kruger.Marketplace.API.csproj", "{6845122F-559E-42BA-8C18-CD63553DD617}"
EndProject
Project("{FAE04EC0-301F-11D3-BF4B-00C04F79EFBC}") = "Kruger.Marketplace.MVC", "src\Kruger.Marketplace.MVC\Kruger.Marketplace.MVC.csproj", "{E888BB74-8735-4762-9FF5-8272A45E707E}"
EndProject
Project("{2150E333-8FDC-42A3-9474-1A3956D46DE8}") = "2.Core", "2.Core", "{37643B60-37F8-4325-8C1A-87BCF11E67E0}"
EndProject
Project("{FAE04EC0-301F-11D3-BF4B-00C04F79EFBC}") = "Kruger.MarketPlace.Core", "src\Kruger.MarketPlace.Core\Kruger.MarketPlace.Core.csproj", "{021522DD-4D54-453E-A4CC-4CE4E43C38AF}"
EndProject
Global
	GlobalSection(SolutionConfigurationPlatforms) = preSolution
		Debug|Any CPU = Debug|Any CPU
		Release|Any CPU = Release|Any CPU
	EndGlobalSection
	GlobalSection(ProjectConfigurationPlatforms) = postSolution
		{6845122F-559E-42BA-8C18-CD63553DD617}.Debug|Any CPU.ActiveCfg = Debug|Any CPU
		{6845122F-559E-42BA-8C18-CD63553DD617}.Debug|Any CPU.Build.0 = Debug|Any CPU
		{6845122F-559E-42BA-8C18-CD63553DD617}.Release|Any CPU.ActiveCfg = Release|Any CPU
		{6845122F-559E-42BA-8C18-CD63553DD617}.Release|Any CPU.Build.0 = Release|Any CPU
		{E888BB74-8735-4762-9FF5-8272A45E707E}.Debug|Any CPU.ActiveCfg = Debug|Any CPU
		{E888BB74-8735-4762-9FF5-8272A45E707E}.Debug|Any CPU.Build.0 = Debug|Any CPU
		{E888BB74-8735-4762-9FF5-8272A45E707E}.Release|Any CPU.ActiveCfg = Release|Any CPU
		{E888BB74-8735-4762-9FF5-8272A45E707E}.Release|Any CPU.Build.0 = Release|Any CPU
		{021522DD-4D54-453E-A4CC-4CE4E43C38AF}.Debug|Any CPU.ActiveCfg = Debug|Any CPU
		{021522DD-4D54-453E-A4CC-4CE4E43C38AF}.Debug|Any CPU.Build.0 = Debug|Any CPU
		{021522DD-4D54-453E-A4CC-4CE4E43C38AF}.Release|Any CPU.ActiveCfg = Release|Any CPU
		{021522DD-4D54-453E-A4CC-4CE4E43C38AF}.Release|Any CPU.Build.0 = Release|Any CPU
	EndGlobalSection
	GlobalSection(SolutionProperties) = preSolution
		HideSolutionNode = FALSE
	EndGlobalSection
	GlobalSection(NestedProjects) = preSolution
		{6845122F-559E-42BA-8C18-CD63553DD617} = {02EA681E-C7D8-13C7-8484-4AC65E1B71E8}
		{E888BB74-8735-4762-9FF5-8272A45E707E} = {02EA681E-C7D8-13C7-8484-4AC65E1B71E8}
		{021522DD-4D54-453E-A4CC-4CE4E43C38AF} = {37643B60-37F8-4325-8C1A-87BCF11E67E0}
	EndGlobalSection
	GlobalSection(ExtensibilityGlobals) = postSolution
		SolutionGuid = {AA27DAA6-88A7-499B-ACC0-20BB375FB90A}
	EndGlobalSection
EndGlobal
